
Microsoft Visual Studio Solution File, Format Version 12.00
# Visual Studio Version 17
VisualStudioVersion = 17.0.31903.59
MinimumVisualStudioVersion = 10.0.40219.1
Project("{2150E333-8FDC-42A3-9474-1A3956D46DE8}") = "src", "src", "{827E0CD3-B72D-47B6-A68D-7590B98EB39B}"
EndProject
Project("{FAE04EC0-301F-11D3-BF4B-00C04F79EFBC}") = "TaskManager.Domain", "src\TaskManager.Domain\TaskManager.Domain.csproj", "{7ED0D794-BB97-401B-BB7D-5001EC6558A8}"
EndProject
Project("{FAE04EC0-301F-11D3-BF4B-00C04F79EFBC}") = "TaskManager.Application", "src\TaskManager.Application\TaskManager.Application.csproj", "{5CA5B23D-1ABF-4EA2-9361-BE5E37EE561F}"
EndProject
Project("{FAE04EC0-301F-11D3-BF4B-00C04F79EFBC}") = "TaskManager.Infrastructure", "src\TaskManager.Infrastructure\TaskManager.Infrastructure.csproj", "{A9C1C4DB-579E-4FDC-A6E9-E85C9C0BB915}"
EndProject
Project("{FAE04EC0-301F-11D3-BF4B-00C04F79EFBC}") = "TaskManager.API", "src\TaskManager.API\TaskManager.API.csproj", "{0CF5E021-6295-4E3A-B8FA-32C5F47D8792}"
EndProject
Project("{2150E333-8FDC-42A3-9474-1A3956D46DE8}") = "tests", "tests", "{0AB3BF05-4346-4AA6-1389-037BE0695223}"
EndProject
Project("{FAE04EC0-301F-11D3-BF4B-00C04F79EFBC}") = "TaskManager.Domain.Tests", "tests\TaskManager.Domain.Tests\TaskManager.Domain.Tests.csproj", "{A0CE3CE5-CB95-4A47-984C-2FC36B84541C}"
EndProject
Project("{FAE04EC0-301F-11D3-BF4B-00C04F79EFBC}") = "TaskManager.Application.Tests", "tests\TaskManager.Application.Tests\TaskManager.Application.Tests.csproj", "{EC1D0A8B-E3CA-412E-BE5F-B9E815E758B8}"
EndProject
Project("{FAE04EC0-301F-11D3-BF4B-00C04F79EFBC}") = "TaskManager.Infrastructure.Tests", "tests\TaskManager.Infrastructure.Tests\TaskManager.Infrastructure.Tests.csproj", "{96C28AE7-2B0E-4E27-95E6-0C4E5C982420}"
EndProject
Project("{FAE04EC0-301F-11D3-BF4B-00C04F79EFBC}") = "TaskManager.API.Tests", "tests\TaskManager.API.Tests\TaskManager.API.Tests.csproj", "{8EF1380C-FF57-4791-B56A-AD53BB67384C}"
EndProject
Global
	GlobalSection(SolutionConfigurationPlatforms) = preSolution
		Debug|Any CPU = Debug|Any CPU
		Debug|x64 = Debug|x64
		Debug|x86 = Debug|x86
		Release|Any CPU = Release|Any CPU
		Release|x64 = Release|x64
		Release|x86 = Release|x86
	EndGlobalSection
	GlobalSection(ProjectConfigurationPlatforms) = postSolution
		{7ED0D794-BB97-401B-BB7D-5001EC6558A8}.Debug|Any CPU.ActiveCfg = Debug|Any CPU
		{7ED0D794-BB97-401B-BB7D-5001EC6558A8}.Debug|Any CPU.Build.0 = Debug|Any CPU
		{7ED0D794-BB97-401B-BB7D-5001EC6558A8}.Debug|x64.ActiveCfg = Debug|Any CPU
		{7ED0D794-BB97-401B-BB7D-5001EC6558A8}.Debug|x64.Build.0 = Debug|Any CPU
		{7ED0D794-BB97-401B-BB7D-5001EC6558A8}.Debug|x86.ActiveCfg = Debug|Any CPU
		{7ED0D794-BB97-401B-BB7D-5001EC6558A8}.Debug|x86.Build.0 = Debug|Any CPU
		{7ED0D794-BB97-401B-BB7D-5001EC6558A8}.Release|Any CPU.ActiveCfg = Release|Any CPU
		{7ED0D794-BB97-401B-BB7D-5001EC6558A8}.Release|Any CPU.Build.0 = Release|Any CPU
		{7ED0D794-BB97-401B-BB7D-5001EC6558A8}.Release|x64.ActiveCfg = Release|Any CPU
		{7ED0D794-BB97-401B-BB7D-5001EC6558A8}.Release|x64.Build.0 = Release|Any CPU
		{7ED0D794-BB97-401B-BB7D-5001EC6558A8}.Release|x86.ActiveCfg = Release|Any CPU
		{7ED0D794-BB97-401B-BB7D-5001EC6558A8}.Release|x86.Build.0 = Release|Any CPU
		{5CA5B23D-1ABF-4EA2-9361-BE5E37EE561F}.Debug|Any CPU.ActiveCfg = Debug|Any CPU
		{5CA5B23D-1ABF-4EA2-9361-BE5E37EE561F}.Debug|Any CPU.Build.0 = Debug|Any CPU
		{5CA5B23D-1ABF-4EA2-9361-BE5E37EE561F}.Debug|x64.ActiveCfg = Debug|Any CPU
		{5CA5B23D-1ABF-4EA2-9361-BE5E37EE561F}.Debug|x64.Build.0 = Debug|Any CPU
		{5CA5B23D-1ABF-4EA2-9361-BE5E37EE561F}.Debug|x86.ActiveCfg = Debug|Any CPU
		{5CA5B23D-1ABF-4EA2-9361-BE5E37EE561F}.Debug|x86.Build.0 = Debug|Any CPU
		{5CA5B23D-1ABF-4EA2-9361-BE5E37EE561F}.Release|Any CPU.ActiveCfg = Release|Any CPU
		{5CA5B23D-1ABF-4EA2-9361-BE5E37EE561F}.Release|Any CPU.Build.0 = Release|Any CPU
		{5CA5B23D-1ABF-4EA2-9361-BE5E37EE561F}.Release|x64.ActiveCfg = Release|Any CPU
		{5CA5B23D-1ABF-4EA2-9361-BE5E37EE561F}.Release|x64.Build.0 = Release|Any CPU
		{5CA5B23D-1ABF-4EA2-9361-BE5E37EE561F}.Release|x86.ActiveCfg = Release|Any CPU
		{5CA5B23D-1ABF-4EA2-9361-BE5E37EE561F}.Release|x86.Build.0 = Release|Any CPU
		{A9C1C4DB-579E-4FDC-A6E9-E85C9C0BB915}.Debug|Any CPU.ActiveCfg = Debug|Any CPU
		{A9C1C4DB-579E-4FDC-A6E9-E85C9C0BB915}.Debug|Any CPU.Build.0 = Debug|Any CPU
		{A9C1C4DB-579E-4FDC-A6E9-E85C9C0BB915}.Debug|x64.ActiveCfg = Debug|Any CPU
		{A9C1C4DB-579E-4FDC-A6E9-E85C9C0BB915}.Debug|x64.Build.0 = Debug|Any CPU
		{A9C1C4DB-579E-4FDC-A6E9-E85C9C0BB915}.Debug|x86.ActiveCfg = Debug|Any CPU
		{A9C1C4DB-579E-4FDC-A6E9-E85C9C0BB915}.Debug|x86.Build.0 = Debug|Any CPU
		{A9C1C4DB-579E-4FDC-A6E9-E85C9C0BB915}.Release|Any CPU.ActiveCfg = Release|Any CPU
		{A9C1C4DB-579E-4FDC-A6E9-E85C9C0BB915}.Release|Any CPU.Build.0 = Release|Any CPU
		{A9C1C4DB-579E-4FDC-A6E9-E85C9C0BB915}.Release|x64.ActiveCfg = Release|Any CPU
		{A9C1C4DB-579E-4FDC-A6E9-E85C9C0BB915}.Release|x64.Build.0 = Release|Any CPU
		{A9C1C4DB-579E-4FDC-A6E9-E85C9C0BB915}.Release|x86.ActiveCfg = Release|Any CPU
		{A9C1C4DB-579E-4FDC-A6E9-E85C9C0BB915}.Release|x86.Build.0 = Release|Any CPU
		{0CF5E021-6295-4E3A-B8FA-32C5F47D8792}.Debug|Any CPU.ActiveCfg = Debug|Any CPU
		{0CF5E021-6295-4E3A-B8FA-32C5F47D8792}.Debug|Any CPU.Build.0 = Debug|Any CPU
		{0CF5E021-6295-4E3A-B8FA-32C5F47D8792}.Debug|x64.ActiveCfg = Debug|Any CPU
		{0CF5E021-6295-4E3A-B8FA-32C5F47D8792}.Debug|x64.Build.0 = Debug|Any CPU
		{0CF5E021-6295-4E3A-B8FA-32C5F47D8792}.Debug|x86.ActiveCfg = Debug|Any CPU
		{0CF5E021-6295-4E3A-B8FA-32C5F47D8792}.Debug|x86.Build.0 = Debug|Any CPU
		{0CF5E021-6295-4E3A-B8FA-32C5F47D8792}.Release|Any CPU.ActiveCfg = Release|Any CPU
		{0CF5E021-6295-4E3A-B8FA-32C5F47D8792}.Release|Any CPU.Build.0 = Release|Any CPU
		{0CF5E021-6295-4E3A-B8FA-32C5F47D8792}.Release|x64.ActiveCfg = Release|Any CPU
		{0CF5E021-6295-4E3A-B8FA-32C5F47D8792}.Release|x64.Build.0 = Release|Any CPU
		{0CF5E021-6295-4E3A-B8FA-32C5F47D8792}.Release|x86.ActiveCfg = Release|Any CPU
		{0CF5E021-6295-4E3A-B8FA-32C5F47D8792}.Release|x86.Build.0 = Release|Any CPU
		{A0CE3CE5-CB95-4A47-984C-2FC36B84541C}.Debug|Any CPU.ActiveCfg = Debug|Any CPU
		{A0CE3CE5-CB95-4A47-984C-2FC36B84541C}.Debug|Any CPU.Build.0 = Debug|Any CPU
		{A0CE3CE5-CB95-4A47-984C-2FC36B84541C}.Debug|x64.ActiveCfg = Debug|Any CPU
		{A0CE3CE5-CB95-4A47-984C-2FC36B84541C}.Debug|x64.Build.0 = Debug|Any CPU
		{A0CE3CE5-CB95-4A47-984C-2FC36B84541C}.Debug|x86.ActiveCfg = Debug|Any CPU
		{A0CE3CE5-CB95-4A47-984C-2FC36B84541C}.Debug|x86.Build.0 = Debug|Any CPU
		{A0CE3CE5-CB95-4A47-984C-2FC36B84541C}.Release|Any CPU.ActiveCfg = Release|Any CPU
		{A0CE3CE5-CB95-4A47-984C-2FC36B84541C}.Release|Any CPU.Build.0 = Release|Any CPU
		{A0CE3CE5-CB95-4A47-984C-2FC36B84541C}.Release|x64.ActiveCfg = Release|Any CPU
		{A0CE3CE5-CB95-4A47-984C-2FC36B84541C}.Release|x64.Build.0 = Release|Any CPU
		{A0CE3CE5-CB95-4A47-984C-2FC36B84541C}.Release|x86.ActiveCfg = Release|Any CPU
		{A0CE3CE5-CB95-4A47-984C-2FC36B84541C}.Release|x86.Build.0 = Release|Any CPU
		{EC1D0A8B-E3CA-412E-BE5F-B9E815E758B8}.Debug|Any CPU.ActiveCfg = Debug|Any CPU
		{EC1D0A8B-E3CA-412E-BE5F-B9E815E758B8}.Debug|Any CPU.Build.0 = Debug|Any CPU
		{EC1D0A8B-E3CA-412E-BE5F-B9E815E758B8}.Debug|x64.ActiveCfg = Debug|Any CPU
		{EC1D0A8B-E3CA-412E-BE5F-B9E815E758B8}.Debug|x64.Build.0 = Debug|Any CPU
		{EC1D0A8B-E3CA-412E-BE5F-B9E815E758B8}.Debug|x86.ActiveCfg = Debug|Any CPU
		{EC1D0A8B-E3CA-412E-BE5F-B9E815E758B8}.Debug|x86.Build.0 = Debug|Any CPU
		{EC1D0A8B-E3CA-412E-BE5F-B9E815E758B8}.Release|Any CPU.ActiveCfg = Release|Any CPU
		{EC1D0A8B-E3CA-412E-BE5F-B9E815E758B8}.Release|Any CPU.Build.0 = Release|Any CPU
		{EC1D0A8B-E3CA-412E-BE5F-B9E815E758B8}.Release|x64.ActiveCfg = Release|Any CPU
		{EC1D0A8B-E3CA-412E-BE5F-B9E815E758B8}.Release|x64.Build.0 = Release|Any CPU
		{EC1D0A8B-E3CA-412E-BE5F-B9E815E758B8}.Release|x86.ActiveCfg = Release|Any CPU
		{EC1D0A8B-E3CA-412E-BE5F-B9E815E758B8}.Release|x86.Build.0 = Release|Any CPU
		{96C28AE7-2B0E-4E27-95E6-0C4E5C982420}.Debug|Any CPU.ActiveCfg = Debug|Any CPU
		{96C28AE7-2B0E-4E27-95E6-0C4E5C982420}.Debug|Any CPU.Build.0 = Debug|Any CPU
		{96C28AE7-2B0E-4E27-95E6-0C4E5C982420}.Debug|x64.ActiveCfg = Debug|Any CPU
		{96C28AE7-2B0E-4E27-95E6-0C4E5C982420}.Debug|x64.Build.0 = Debug|Any CPU
		{96C28AE7-2B0E-4E27-95E6-0C4E5C982420}.Debug|x86.ActiveCfg = Debug|Any CPU
		{96C28AE7-2B0E-4E27-95E6-0C4E5C982420}.Debug|x86.Build.0 = Debug|Any CPU
		{96C28AE7-2B0E-4E27-95E6-0C4E5C982420}.Release|Any CPU.ActiveCfg = Release|Any CPU
		{96C28AE7-2B0E-4E27-95E6-0C4E5C982420}.Release|Any CPU.Build.0 = Release|Any CPU
		{96C28AE7-2B0E-4E27-95E6-0C4E5C982420}.Release|x64.ActiveCfg = Release|Any CPU
		{96C28AE7-2B0E-4E27-95E6-0C4E5C982420}.Release|x64.Build.0 = Release|Any CPU
		{96C28AE7-2B0E-4E27-95E6-0C4E5C982420}.Release|x86.ActiveCfg = Release|Any CPU
		{96C28AE7-2B0E-4E27-95E6-0C4E5C982420}.Release|x86.Build.0 = Release|Any CPU
		{8EF1380C-FF57-4791-B56A-AD53BB67384C}.Debug|Any CPU.ActiveCfg = Debug|Any CPU
		{8EF1380C-FF57-4791-B56A-AD53BB67384C}.Debug|Any CPU.Build.0 = Debug|Any CPU
		{8EF1380C-FF57-4791-B56A-AD53BB67384C}.Debug|x64.ActiveCfg = Debug|Any CPU
		{8EF1380C-FF57-4791-B56A-AD53BB67384C}.Debug|x64.Build.0 = Debug|Any CPU
		{8EF1380C-FF57-4791-B56A-AD53BB67384C}.Debug|x86.ActiveCfg = Debug|Any CPU
		{8EF1380C-FF57-4791-B56A-AD53BB67384C}.Debug|x86.Build.0 = Debug|Any CPU
		{8EF1380C-FF57-4791-B56A-AD53BB67384C}.Release|Any CPU.ActiveCfg = Release|Any CPU
		{8EF1380C-FF57-4791-B56A-AD53BB67384C}.Release|Any CPU.Build.0 = Release|Any CPU
		{8EF1380C-FF57-4791-B56A-AD53BB67384C}.Release|x64.ActiveCfg = Release|Any CPU
		{8EF1380C-FF57-4791-B56A-AD53BB67384C}.Release|x64.Build.0 = Release|Any CPU
		{8EF1380C-FF57-4791-B56A-AD53BB67384C}.Release|x86.ActiveCfg = Release|Any CPU
		{8EF1380C-FF57-4791-B56A-AD53BB67384C}.Release|x86.Build.0 = Release|Any CPU
	EndGlobalSection
	GlobalSection(SolutionProperties) = preSolution
		HideSolutionNode = FALSE
	EndGlobalSection
	GlobalSection(NestedProjects) = preSolution
		{7ED0D794-BB97-401B-BB7D-5001EC6558A8} = {827E0CD3-B72D-47B6-A68D-7590B98EB39B}
		{5CA5B23D-1ABF-4EA2-9361-BE5E37EE561F} = {827E0CD3-B72D-47B6-A68D-7590B98EB39B}
		{A9C1C4DB-579E-4FDC-A6E9-E85C9C0BB915} = {827E0CD3-B72D-47B6-A68D-7590B98EB39B}
		{0CF5E021-6295-4E3A-B8FA-32C5F47D8792} = {827E0CD3-B72D-47B6-A68D-7590B98EB39B}
		{A0CE3CE5-CB95-4A47-984C-2FC36B84541C} = {0AB3BF05-4346-4AA6-1389-037BE0695223}
		{EC1D0A8B-E3CA-412E-BE5F-B9E815E758B8} = {0AB3BF05-4346-4AA6-1389-037BE0695223}
		{96C28AE7-2B0E-4E27-95E6-0C4E5C982420} = {0AB3BF05-4346-4AA6-1389-037BE0695223}
		{8EF1380C-FF57-4791-B56A-AD53BB67384C} = {0AB3BF05-4346-4AA6-1389-037BE0695223}
	EndGlobalSection
EndGlobal
